
Microsoft Visual Studio Solution File, Format Version 12.00
# Visual Studio Version 17
VisualStudioVersion = 17.4.33403.182
MinimumVisualStudioVersion = 10.0.40219.1
Project("{FAE04EC0-301F-11D3-BF4B-00C04F79EFBC}") = "CSharpFunctionalWaltRitchser", "CSharpFunctionalWaltRitchser.csproj", "{DD912A16-E5E4-4085-90B3-4590158875BB}"
EndProject
Project("{FAE04EC0-301F-11D3-BF4B-00C04F79EFBC}") = "CSharpFunctionalUnitTestMsTest", "..\CSharpFunctionalUnitTestMsTest\CSharpFunctionalUnitTestMsTest.csproj", "{2F675C6D-2868-4C32-B207-B558A6967E88}"
EndProject
Global
	GlobalSection(SolutionConfigurationPlatforms) = preSolution
		Debug|Any CPU = Debug|Any CPU
		Release|Any CPU = Release|Any CPU
	EndGlobalSection
	GlobalSection(ProjectConfigurationPlatforms) = postSolution
		{DD912A16-E5E4-4085-90B3-4590158875BB}.Debug|Any CPU.ActiveCfg = Debug|Any CPU
		{DD912A16-E5E4-4085-90B3-4590158875BB}.Debug|Any CPU.Build.0 = Debug|Any CPU
		{DD912A16-E5E4-4085-90B3-4590158875BB}.Release|Any CPU.ActiveCfg = Release|Any CPU
		{DD912A16-E5E4-4085-90B3-4590158875BB}.Release|Any CPU.Build.0 = Release|Any CPU
		{2F675C6D-2868-4C32-B207-B558A6967E88}.Debug|Any CPU.ActiveCfg = Debug|Any CPU
		{2F675C6D-2868-4C32-B207-B558A6967E88}.Debug|Any CPU.Build.0 = Debug|Any CPU
		{2F675C6D-2868-4C32-B207-B558A6967E88}.Release|Any CPU.ActiveCfg = Release|Any CPU
		{2F675C6D-2868-4C32-B207-B558A6967E88}.Release|Any CPU.Build.0 = Release|Any CPU
	EndGlobalSection
	GlobalSection(SolutionProperties) = preSolution
		HideSolutionNode = FALSE
	EndGlobalSection
	GlobalSection(ExtensibilityGlobals) = postSolution
		SolutionGuid = {3EC5ABBC-BB60-4E2D-A016-AD7EEA8D6D52}
	EndGlobalSection
EndGlobal
